
Microsoft Visual Studio Solution File, Format Version 12.00
# Visual Studio 14
VisualStudioVersion = 14.0.25420.1
MinimumVisualStudioVersion = 10.0.40219.1
Project("{2150E333-8FDC-42A3-9474-1A3956D46DE8}") = "src", "src", "{866C68CE-DADB-4565-86D9-60A2A5428EF4}"
EndProject
Project("{2150E333-8FDC-42A3-9474-1A3956D46DE8}") = "Solution Items", "Solution Items", "{1258A522-F525-48F8-929D-BE46ECEB2B81}"
	ProjectSection(SolutionItems) = preProject
		..\Minor.Case1.AdministratieCursusenCursisten\global.json = ..\Minor.Case1.AdministratieCursusenCursisten\global.json
	EndProjectSection
EndProject
Project("{2150E333-8FDC-42A3-9474-1A3956D46DE8}") = "test", "test", "{9929D5D1-026C-4756-A57F-486DCA0240C9}"
EndProject
Project("{8BB2217D-0F2D-49D1-97BC-3654ED321F3B}") = "Minor.Case1.AdministratieCursusenCursistenApi", "Minor.Case1.AdministratieCursusenCursistenApi.xproj", "{72F6CD40-B178-4BF5-8DBE-E877D54791D2}"
EndProject
Project("{8BB2217D-0F2D-49D1-97BC-3654ED321F3B}") = "Minor.Case1.AdministratieCursusenCursistenApiTest", "..\Minor.Case1.AdministratieCursusenCursistenApiTest\Minor.Case1.AdministratieCursusenCursistenApiTest.xproj", "{907DE083-58AB-49A1-A546-D45093712070}"
EndProject
Global
	GlobalSection(SolutionConfigurationPlatforms) = preSolution
		Debug|Any CPU = Debug|Any CPU
		Release|Any CPU = Release|Any CPU
	EndGlobalSection
	GlobalSection(ProjectConfigurationPlatforms) = postSolution
		{72F6CD40-B178-4BF5-8DBE-E877D54791D2}.Debug|Any CPU.ActiveCfg = Debug|Any CPU
		{72F6CD40-B178-4BF5-8DBE-E877D54791D2}.Debug|Any CPU.Build.0 = Debug|Any CPU
		{72F6CD40-B178-4BF5-8DBE-E877D54791D2}.Release|Any CPU.ActiveCfg = Release|Any CPU
		{72F6CD40-B178-4BF5-8DBE-E877D54791D2}.Release|Any CPU.Build.0 = Release|Any CPU
		{907DE083-58AB-49A1-A546-D45093712070}.Debug|Any CPU.ActiveCfg = Debug|Any CPU
		{907DE083-58AB-49A1-A546-D45093712070}.Debug|Any CPU.Build.0 = Debug|Any CPU
		{907DE083-58AB-49A1-A546-D45093712070}.Release|Any CPU.ActiveCfg = Release|Any CPU
		{907DE083-58AB-49A1-A546-D45093712070}.Release|Any CPU.Build.0 = Release|Any CPU
	EndGlobalSection
	GlobalSection(SolutionProperties) = preSolution
		HideSolutionNode = FALSE
	EndGlobalSection
	GlobalSection(NestedProjects) = preSolution
		{72F6CD40-B178-4BF5-8DBE-E877D54791D2} = {866C68CE-DADB-4565-86D9-60A2A5428EF4}
		{907DE083-58AB-49A1-A546-D45093712070} = {9929D5D1-026C-4756-A57F-486DCA0240C9}
	EndGlobalSection
EndGlobal
