
Microsoft Visual Studio Solution File, Format Version 12.00
# Visual Studio 14
VisualStudioVersion = 14.0.25420.1
MinimumVisualStudioVersion = 10.0.40219.1
Project("{2150E333-8FDC-42A3-9474-1A3956D46DE8}") = "src", "src", "{3157ED0D-8EB6-4B26-A589-C28468415235}"
EndProject
Project("{2150E333-8FDC-42A3-9474-1A3956D46DE8}") = "Solution Items", "Solution Items", "{DBEFFD27-F961-4A73-8B6B-563970AB422F}"
	ProjectSection(SolutionItems) = preProject
		global.json = global.json
	EndProjectSection
EndProject
Project("{8BB2217D-0F2D-49D1-97BC-3654ED321F3B}") = "HaZ.DSBestellingenBeheer.Facade", "src\HaZ.DSBestellingenBeheer.Facade\HaZ.DSBestellingenBeheer.Facade.xproj", "{DF266EA2-0699-4022-9F14-76063C0733CD}"
EndProject
Project("{2150E333-8FDC-42A3-9474-1A3956D46DE8}") = "003-Facade", "003-Facade", "{0D3C1575-C2BC-4769-946F-8E6B7D86FE8D}"
EndProject
Project("{2150E333-8FDC-42A3-9474-1A3956D46DE8}") = "001-Domain", "001-Domain", "{F07C4149-7C5D-4772-819D-4F8B12CA04BF}"
EndProject
Project("{2150E333-8FDC-42A3-9474-1A3956D46DE8}") = "002-Infrastructure", "002-Infrastructure", "{04AC0E83-5353-4337-B2B5-0519D91E0338}"
EndProject
Project("{2150E333-8FDC-42A3-9474-1A3956D46DE8}") = "test", "test", "{DA3252FF-87C9-4AE0-A7FC-DBB4AEEF0BA0}"
EndProject
Project("{2150E333-8FDC-42A3-9474-1A3956D46DE8}") = "Domain.Test", "Domain.Test", "{5958F8D7-523D-4B47-8014-C57F42113B2B}"
EndProject
Project("{8BB2217D-0F2D-49D1-97BC-3654ED321F3B}") = "HaZ.DSBestellingenBeheer.Domain.Test", "test\Domain.Test\HaZ.DSBestellingenBeheer.Domain.Test\HaZ.DSBestellingenBeheer.Domain.Test.xproj", "{CF3999FF-208A-4D6D-818F-BF330519ED57}"
EndProject
Project("{2150E333-8FDC-42A3-9474-1A3956D46DE8}") = "Infrastructure.Test", "Infrastructure.Test", "{50602C1B-8555-46AA-BED1-6DA401B390D6}"
EndProject
Project("{8BB2217D-0F2D-49D1-97BC-3654ED321F3B}") = "HaZ.DSBestellingenBeheer.Infrastructure.Test", "test\Infrastructure.Test\HaZ.DSBestellingenBeheer.Infrastructure.Test\HaZ.DSBestellingenBeheer.Infrastructure.Test.xproj", "{279782E2-BDFC-4C03-9B2B-E828C14912CB}"
EndProject
Project("{2150E333-8FDC-42A3-9474-1A3956D46DE8}") = "Entities", "Entities", "{19E4BBD1-AEAA-45DE-AFE4-C0A2661DFBD3}"
EndProject
Project("{2150E333-8FDC-42A3-9474-1A3956D46DE8}") = "Services", "Services", "{005A0C90-5473-4898-A8F8-2E655C0D99F1}"
EndProject
Project("{8BB2217D-0F2D-49D1-97BC-3654ED321F3B}") = "HaZ.DSBestellingenBeheer.Entities", "src\HaZ.DSBestellingenBeheer.Entities\HaZ.DSBestellingenBeheer.Entities.xproj", "{9191A804-52E9-422B-A751-9CA0F7E8245B}"
EndProject
Project("{8BB2217D-0F2D-49D1-97BC-3654ED321F3B}") = "HaZ.DSBestellingenBeheer.Services", "src\HaZ.DSBestellingenBeheer.Services\HaZ.DSBestellingenBeheer.Services.xproj", "{054F369D-335C-446D-8011-5C1EE8D0D59C}"
EndProject
Project("{8BB2217D-0F2D-49D1-97BC-3654ED321F3B}") = "HaZ.DSBestellingenBeheer.Infrastructure", "src\HaZ.DSBestellingenBeheer.Infrastructure\HaZ.DSBestellingenBeheer.Infrastructure.xproj", "{B247788B-F67F-4DA0-BBA7-CAE294977E2E}"
EndProject
Project("{2150E333-8FDC-42A3-9474-1A3956D46DE8}") = "004-Incoming", "004-Incoming", "{5D3EAC2C-0B15-43A9-BB18-34AFF8CFB136}"
EndProject
Project("{2150E333-8FDC-42A3-9474-1A3956D46DE8}") = "005-Outgoing", "005-Outgoing", "{BFDDC654-0296-4F66-B88F-1B9818BF795F}"
EndProject
Project("{8BB2217D-0F2D-49D1-97BC-3654ED321F3B}") = "HaZ.DSBestellingenBeheer.Outgoing", "src\HaZ.DSBestellingenBeheer.Outgoing\HaZ.DSBestellingenBeheer.Outgoing.xproj", "{83B90C1A-ED22-4333-BC50-839096E49577}"
EndProject
Project("{8BB2217D-0F2D-49D1-97BC-3654ED321F3B}") = "HaZ.DSBestellingenBeheer.Incoming", "src\HaZ.DSBestellingenBeheer.Incoming\HaZ.DSBestellingenBeheer.Incoming.xproj", "{E67FEAB1-D4D3-45DC-B720-CCF257C1120E}"
EndProject
Project("{2150E333-8FDC-42A3-9474-1A3956D46DE8}") = "Facade.Test", "Facade.Test", "{4EBEC8F9-2C56-468D-8A6E-61F9683FAEDE}"
EndProject
Project("{8BB2217D-0F2D-49D1-97BC-3654ED321F3B}") = "HaZ.DSBestellingenBeheer.Facade.Test", "test\Facade.Test\HaZ.DSBestellingenBeheer.Facade.Test\HaZ.DSBestellingenBeheer.Facade.Test.xproj", "{0E591433-7E33-47AE-8475-C7F863F8782E}"
EndProject
Global
	GlobalSection(SolutionConfigurationPlatforms) = preSolution
		Debug|Any CPU = Debug|Any CPU
		Release|Any CPU = Release|Any CPU
	EndGlobalSection
	GlobalSection(ProjectConfigurationPlatforms) = postSolution
		{DF266EA2-0699-4022-9F14-76063C0733CD}.Debug|Any CPU.ActiveCfg = Debug|Any CPU
		{DF266EA2-0699-4022-9F14-76063C0733CD}.Debug|Any CPU.Build.0 = Debug|Any CPU
		{DF266EA2-0699-4022-9F14-76063C0733CD}.Release|Any CPU.ActiveCfg = Release|Any CPU
		{DF266EA2-0699-4022-9F14-76063C0733CD}.Release|Any CPU.Build.0 = Release|Any CPU
		{CF3999FF-208A-4D6D-818F-BF330519ED57}.Debug|Any CPU.ActiveCfg = Debug|Any CPU
		{CF3999FF-208A-4D6D-818F-BF330519ED57}.Debug|Any CPU.Build.0 = Debug|Any CPU
		{CF3999FF-208A-4D6D-818F-BF330519ED57}.Release|Any CPU.ActiveCfg = Release|Any CPU
		{CF3999FF-208A-4D6D-818F-BF330519ED57}.Release|Any CPU.Build.0 = Release|Any CPU
		{279782E2-BDFC-4C03-9B2B-E828C14912CB}.Debug|Any CPU.ActiveCfg = Debug|Any CPU
		{279782E2-BDFC-4C03-9B2B-E828C14912CB}.Debug|Any CPU.Build.0 = Debug|Any CPU
		{279782E2-BDFC-4C03-9B2B-E828C14912CB}.Release|Any CPU.ActiveCfg = Release|Any CPU
		{279782E2-BDFC-4C03-9B2B-E828C14912CB}.Release|Any CPU.Build.0 = Release|Any CPU
		{9191A804-52E9-422B-A751-9CA0F7E8245B}.Debug|Any CPU.ActiveCfg = Debug|Any CPU
		{9191A804-52E9-422B-A751-9CA0F7E8245B}.Debug|Any CPU.Build.0 = Debug|Any CPU
		{9191A804-52E9-422B-A751-9CA0F7E8245B}.Release|Any CPU.ActiveCfg = Release|Any CPU
		{9191A804-52E9-422B-A751-9CA0F7E8245B}.Release|Any CPU.Build.0 = Release|Any CPU
		{054F369D-335C-446D-8011-5C1EE8D0D59C}.Debug|Any CPU.ActiveCfg = Debug|Any CPU
		{054F369D-335C-446D-8011-5C1EE8D0D59C}.Debug|Any CPU.Build.0 = Debug|Any CPU
		{054F369D-335C-446D-8011-5C1EE8D0D59C}.Release|Any CPU.ActiveCfg = Release|Any CPU
		{054F369D-335C-446D-8011-5C1EE8D0D59C}.Release|Any CPU.Build.0 = Release|Any CPU
		{B247788B-F67F-4DA0-BBA7-CAE294977E2E}.Debug|Any CPU.ActiveCfg = Debug|Any CPU
		{B247788B-F67F-4DA0-BBA7-CAE294977E2E}.Debug|Any CPU.Build.0 = Debug|Any CPU
		{B247788B-F67F-4DA0-BBA7-CAE294977E2E}.Release|Any CPU.ActiveCfg = Release|Any CPU
		{B247788B-F67F-4DA0-BBA7-CAE294977E2E}.Release|Any CPU.Build.0 = Release|Any CPU
		{83B90C1A-ED22-4333-BC50-839096E49577}.Debug|Any CPU.ActiveCfg = Debug|Any CPU
		{83B90C1A-ED22-4333-BC50-839096E49577}.Debug|Any CPU.Build.0 = Debug|Any CPU
		{83B90C1A-ED22-4333-BC50-839096E49577}.Release|Any CPU.ActiveCfg = Release|Any CPU
		{83B90C1A-ED22-4333-BC50-839096E49577}.Release|Any CPU.Build.0 = Release|Any CPU
		{E67FEAB1-D4D3-45DC-B720-CCF257C1120E}.Debug|Any CPU.ActiveCfg = Debug|Any CPU
		{E67FEAB1-D4D3-45DC-B720-CCF257C1120E}.Debug|Any CPU.Build.0 = Debug|Any CPU
		{E67FEAB1-D4D3-45DC-B720-CCF257C1120E}.Release|Any CPU.ActiveCfg = Release|Any CPU
		{E67FEAB1-D4D3-45DC-B720-CCF257C1120E}.Release|Any CPU.Build.0 = Release|Any CPU
		{0E591433-7E33-47AE-8475-C7F863F8782E}.Debug|Any CPU.ActiveCfg = Debug|Any CPU
		{0E591433-7E33-47AE-8475-C7F863F8782E}.Debug|Any CPU.Build.0 = Debug|Any CPU
		{0E591433-7E33-47AE-8475-C7F863F8782E}.Release|Any CPU.ActiveCfg = Release|Any CPU
		{0E591433-7E33-47AE-8475-C7F863F8782E}.Release|Any CPU.Build.0 = Release|Any CPU
	EndGlobalSection
	GlobalSection(SolutionProperties) = preSolution
		HideSolutionNode = FALSE
	EndGlobalSection
	GlobalSection(NestedProjects) = preSolution
		{DF266EA2-0699-4022-9F14-76063C0733CD} = {0D3C1575-C2BC-4769-946F-8E6B7D86FE8D}
		{0D3C1575-C2BC-4769-946F-8E6B7D86FE8D} = {3157ED0D-8EB6-4B26-A589-C28468415235}
		{F07C4149-7C5D-4772-819D-4F8B12CA04BF} = {3157ED0D-8EB6-4B26-A589-C28468415235}
		{04AC0E83-5353-4337-B2B5-0519D91E0338} = {3157ED0D-8EB6-4B26-A589-C28468415235}
		{5958F8D7-523D-4B47-8014-C57F42113B2B} = {DA3252FF-87C9-4AE0-A7FC-DBB4AEEF0BA0}
		{CF3999FF-208A-4D6D-818F-BF330519ED57} = {5958F8D7-523D-4B47-8014-C57F42113B2B}
		{50602C1B-8555-46AA-BED1-6DA401B390D6} = {DA3252FF-87C9-4AE0-A7FC-DBB4AEEF0BA0}
		{279782E2-BDFC-4C03-9B2B-E828C14912CB} = {50602C1B-8555-46AA-BED1-6DA401B390D6}
		{19E4BBD1-AEAA-45DE-AFE4-C0A2661DFBD3} = {F07C4149-7C5D-4772-819D-4F8B12CA04BF}
		{005A0C90-5473-4898-A8F8-2E655C0D99F1} = {F07C4149-7C5D-4772-819D-4F8B12CA04BF}
		{9191A804-52E9-422B-A751-9CA0F7E8245B} = {19E4BBD1-AEAA-45DE-AFE4-C0A2661DFBD3}
		{054F369D-335C-446D-8011-5C1EE8D0D59C} = {005A0C90-5473-4898-A8F8-2E655C0D99F1}
		{B247788B-F67F-4DA0-BBA7-CAE294977E2E} = {04AC0E83-5353-4337-B2B5-0519D91E0338}
		{5D3EAC2C-0B15-43A9-BB18-34AFF8CFB136} = {3157ED0D-8EB6-4B26-A589-C28468415235}
		{BFDDC654-0296-4F66-B88F-1B9818BF795F} = {3157ED0D-8EB6-4B26-A589-C28468415235}
		{83B90C1A-ED22-4333-BC50-839096E49577} = {BFDDC654-0296-4F66-B88F-1B9818BF795F}
		{E67FEAB1-D4D3-45DC-B720-CCF257C1120E} = {5D3EAC2C-0B15-43A9-BB18-34AFF8CFB136}
		{4EBEC8F9-2C56-468D-8A6E-61F9683FAEDE} = {DA3252FF-87C9-4AE0-A7FC-DBB4AEEF0BA0}
		{0E591433-7E33-47AE-8475-C7F863F8782E} = {4EBEC8F9-2C56-468D-8A6E-61F9683FAEDE}
	EndGlobalSection
EndGlobal
