
Microsoft Visual Studio Solution File, Format Version 12.00
# Visual Studio 14
VisualStudioVersion = 14.0.25420.1
MinimumVisualStudioVersion = 10.0.40219.1
Project("{2150E333-8FDC-42A3-9474-1A3956D46DE8}") = "src", "src", "{AE8CA6DA-BBE3-4A26-B032-C300730C4919}"
EndProject
Project("{2150E333-8FDC-42A3-9474-1A3956D46DE8}") = "Solution Items", "Solution Items", "{8E036FB7-BD7E-4E16-B182-4465E9F5454E}"
	ProjectSection(SolutionItems) = preProject
		global.json = global.json
	EndProjectSection
EndProject
Project("{8BB2217D-0F2D-49D1-97BC-3654ED321F3B}") = "Minor.Dag18.FrontEndOpdracht", "src\Minor.Dag18.FrontEndOpdracht\Minor.Dag18.FrontEndOpdracht.xproj", "{F9325A88-675F-4CA8-9D7E-5B6A3B8B24B5}"
EndProject
Project("{2150E333-8FDC-42A3-9474-1A3956D46DE8}") = "test", "test", "{9A2DA98D-D7F5-4997-B96B-DB374C9DA144}"
EndProject
Project("{8BB2217D-0F2D-49D1-97BC-3654ED321F3B}") = "Minor.Dag18.FrontEndOpdracht.Tests", "Minor.Dag18.FrontEndOpdracht.Tests\Minor.Dag18.FrontEndOpdracht.Tests.xproj", "{A7629D6F-E957-456A-A45C-C122E5773CB2}"
EndProject
Project("{8BB2217D-0F2D-49D1-97BC-3654ED321F3B}") = "MInor.Dag18.FrontEndOprachtApi", "src\MInor.Dag18.FrontEndOprachtApi\MInor.Dag18.FrontEndOprachtApi.xproj", "{5F694DD2-C893-4648-A1D6-27B97AF25F2F}"
EndProject
Project("{8BB2217D-0F2D-49D1-97BC-3654ED321F3B}") = "Minor.Dag18.FrontEndOpdrachtApi.Tests", "Minor.Dag18.FrontEndOpdrachtApi.Tests\Minor.Dag18.FrontEndOpdrachtApi.Tests.xproj", "{58E2C4DA-BE84-4A06-ADB6-57A868DC69F7}"
EndProject
Project("{8BB2217D-0F2D-49D1-97BC-3654ED321F3B}") = "MonumentenGeneratedPageAndAgent", "src\MonumentenGeneratedPageAndAgent\MonumentenGeneratedPageAndAgent.xproj", "{C0DE1566-2D2F-49E6-B393-E4EF50C70606}"
EndProject
Global
	GlobalSection(SolutionConfigurationPlatforms) = preSolution
		Debug|Any CPU = Debug|Any CPU
		Release|Any CPU = Release|Any CPU
	EndGlobalSection
	GlobalSection(ProjectConfigurationPlatforms) = postSolution
		{F9325A88-675F-4CA8-9D7E-5B6A3B8B24B5}.Debug|Any CPU.ActiveCfg = Debug|Any CPU
		{F9325A88-675F-4CA8-9D7E-5B6A3B8B24B5}.Debug|Any CPU.Build.0 = Debug|Any CPU
		{F9325A88-675F-4CA8-9D7E-5B6A3B8B24B5}.Release|Any CPU.ActiveCfg = Release|Any CPU
		{F9325A88-675F-4CA8-9D7E-5B6A3B8B24B5}.Release|Any CPU.Build.0 = Release|Any CPU
		{A7629D6F-E957-456A-A45C-C122E5773CB2}.Debug|Any CPU.ActiveCfg = Debug|Any CPU
		{A7629D6F-E957-456A-A45C-C122E5773CB2}.Debug|Any CPU.Build.0 = Debug|Any CPU
		{A7629D6F-E957-456A-A45C-C122E5773CB2}.Release|Any CPU.ActiveCfg = Release|Any CPU
		{A7629D6F-E957-456A-A45C-C122E5773CB2}.Release|Any CPU.Build.0 = Release|Any CPU
		{5F694DD2-C893-4648-A1D6-27B97AF25F2F}.Debug|Any CPU.ActiveCfg = Debug|Any CPU
		{5F694DD2-C893-4648-A1D6-27B97AF25F2F}.Debug|Any CPU.Build.0 = Debug|Any CPU
		{5F694DD2-C893-4648-A1D6-27B97AF25F2F}.Release|Any CPU.ActiveCfg = Release|Any CPU
		{5F694DD2-C893-4648-A1D6-27B97AF25F2F}.Release|Any CPU.Build.0 = Release|Any CPU
		{58E2C4DA-BE84-4A06-ADB6-57A868DC69F7}.Debug|Any CPU.ActiveCfg = Debug|Any CPU
		{58E2C4DA-BE84-4A06-ADB6-57A868DC69F7}.Debug|Any CPU.Build.0 = Debug|Any CPU
		{58E2C4DA-BE84-4A06-ADB6-57A868DC69F7}.Release|Any CPU.ActiveCfg = Release|Any CPU
		{58E2C4DA-BE84-4A06-ADB6-57A868DC69F7}.Release|Any CPU.Build.0 = Release|Any CPU
		{C0DE1566-2D2F-49E6-B393-E4EF50C70606}.Debug|Any CPU.ActiveCfg = Debug|Any CPU
		{C0DE1566-2D2F-49E6-B393-E4EF50C70606}.Debug|Any CPU.Build.0 = Debug|Any CPU
		{C0DE1566-2D2F-49E6-B393-E4EF50C70606}.Release|Any CPU.ActiveCfg = Release|Any CPU
		{C0DE1566-2D2F-49E6-B393-E4EF50C70606}.Release|Any CPU.Build.0 = Release|Any CPU
	EndGlobalSection
	GlobalSection(SolutionProperties) = preSolution
		HideSolutionNode = FALSE
	EndGlobalSection
	GlobalSection(NestedProjects) = preSolution
		{F9325A88-675F-4CA8-9D7E-5B6A3B8B24B5} = {AE8CA6DA-BBE3-4A26-B032-C300730C4919}
		{A7629D6F-E957-456A-A45C-C122E5773CB2} = {9A2DA98D-D7F5-4997-B96B-DB374C9DA144}
		{5F694DD2-C893-4648-A1D6-27B97AF25F2F} = {AE8CA6DA-BBE3-4A26-B032-C300730C4919}
		{58E2C4DA-BE84-4A06-ADB6-57A868DC69F7} = {9A2DA98D-D7F5-4997-B96B-DB374C9DA144}
		{C0DE1566-2D2F-49E6-B393-E4EF50C70606} = {AE8CA6DA-BBE3-4A26-B032-C300730C4919}
	EndGlobalSection
EndGlobal
