
Microsoft Visual Studio Solution File, Format Version 12.00
# Visual Studio 14
VisualStudioVersion = 14.0.25420.1
MinimumVisualStudioVersion = 10.0.40219.1
Project("{2150E333-8FDC-42A3-9474-1A3956D46DE8}") = "src", "src", "{8DBC64ED-EFCC-4C65-A43C-4C97A53310A0}"
EndProject
Project("{2150E333-8FDC-42A3-9474-1A3956D46DE8}") = "test", "test", "{B46723B9-D622-4C33-8B57-3466A21FFA78}"
EndProject
Project("{8BB2217D-0F2D-49D1-97BC-3654ED321F3B}") = "GameAdministrationService.Facade.Test", "GameAdministrationService.Facade.Test\GameAdministrationService.Facade.Test.xproj", "{203976D6-E5F3-4E49-BA88-10C2ADCCDFA3}"
EndProject
Project("{8BB2217D-0F2D-49D1-97BC-3654ED321F3B}") = "05 - Facade", "Minor.SpellenOefening.GameAdministrationService.Facade\05 - Facade.xproj", "{8B99B997-7612-4F32-AF10-CFA96D649F1E}"
EndProject
Project("{8BB2217D-0F2D-49D1-97BC-3654ED321F3B}") = "01 - Incoming", "Minor.SpellenOefening.GameAdministrationService.Incoming\01 - Incoming.xproj", "{C88E2DF8-9CF7-4F4B-9E65-6409783D0A7C}"
EndProject
Project("{8BB2217D-0F2D-49D1-97BC-3654ED321F3B}") = "03 - Domain", "Minor.SpellenOefening.GameAdministrationService.Domain\03 - Domain.xproj", "{C9F62FD2-3CA6-4290-BC29-E2F2DADE67ED}"
EndProject
Project("{8BB2217D-0F2D-49D1-97BC-3654ED321F3B}") = "Minor.GameAdministrationService.Domain.Test", "Minor.GameAdministrationService.Domain.Test\Minor.GameAdministrationService.Domain.Test.xproj", "{10274D2B-663B-43BB-B5A6-B18A6C49B554}"
EndProject
Project("{8BB2217D-0F2D-49D1-97BC-3654ED321F3B}") = "04 - Infrastructure", "GameAdministrationService.Infrastructure\04 - Infrastructure.xproj", "{0C9ECE86-914A-49C6-A411-A5E042A8907D}"
EndProject
Project("{8BB2217D-0F2D-49D1-97BC-3654ED321F3B}") = "00 - Common", "Minor.SpellenOefening.GameAdministrationService.Common\00 - Common.xproj", "{946C834B-0EDA-49D1-9B19-568DEEDF90A3}"
EndProject
Project("{8BB2217D-0F2D-49D1-97BC-3654ED321F3B}") = "02 - Outgoing", "Minor.SpellenOefening.GameAdministrationService.Outgoing\02 - Outgoing.xproj", "{29857F28-2E4D-4C81-A223-FC87865DA502}"
EndProject
Global
	GlobalSection(SolutionConfigurationPlatforms) = preSolution
		Debug|Any CPU = Debug|Any CPU
		Release|Any CPU = Release|Any CPU
	EndGlobalSection
	GlobalSection(ProjectConfigurationPlatforms) = postSolution
		{203976D6-E5F3-4E49-BA88-10C2ADCCDFA3}.Debug|Any CPU.ActiveCfg = Debug|Any CPU
		{203976D6-E5F3-4E49-BA88-10C2ADCCDFA3}.Debug|Any CPU.Build.0 = Debug|Any CPU
		{203976D6-E5F3-4E49-BA88-10C2ADCCDFA3}.Release|Any CPU.ActiveCfg = Release|Any CPU
		{203976D6-E5F3-4E49-BA88-10C2ADCCDFA3}.Release|Any CPU.Build.0 = Release|Any CPU
		{8B99B997-7612-4F32-AF10-CFA96D649F1E}.Debug|Any CPU.ActiveCfg = Debug|Any CPU
		{8B99B997-7612-4F32-AF10-CFA96D649F1E}.Debug|Any CPU.Build.0 = Debug|Any CPU
		{8B99B997-7612-4F32-AF10-CFA96D649F1E}.Release|Any CPU.ActiveCfg = Release|Any CPU
		{8B99B997-7612-4F32-AF10-CFA96D649F1E}.Release|Any CPU.Build.0 = Release|Any CPU
		{C88E2DF8-9CF7-4F4B-9E65-6409783D0A7C}.Debug|Any CPU.ActiveCfg = Debug|Any CPU
		{C88E2DF8-9CF7-4F4B-9E65-6409783D0A7C}.Debug|Any CPU.Build.0 = Debug|Any CPU
		{C88E2DF8-9CF7-4F4B-9E65-6409783D0A7C}.Release|Any CPU.ActiveCfg = Release|Any CPU
		{C88E2DF8-9CF7-4F4B-9E65-6409783D0A7C}.Release|Any CPU.Build.0 = Release|Any CPU
		{C9F62FD2-3CA6-4290-BC29-E2F2DADE67ED}.Debug|Any CPU.ActiveCfg = Debug|Any CPU
		{C9F62FD2-3CA6-4290-BC29-E2F2DADE67ED}.Debug|Any CPU.Build.0 = Debug|Any CPU
		{C9F62FD2-3CA6-4290-BC29-E2F2DADE67ED}.Release|Any CPU.ActiveCfg = Release|Any CPU
		{C9F62FD2-3CA6-4290-BC29-E2F2DADE67ED}.Release|Any CPU.Build.0 = Release|Any CPU
		{10274D2B-663B-43BB-B5A6-B18A6C49B554}.Debug|Any CPU.ActiveCfg = Debug|Any CPU
		{10274D2B-663B-43BB-B5A6-B18A6C49B554}.Debug|Any CPU.Build.0 = Debug|Any CPU
		{10274D2B-663B-43BB-B5A6-B18A6C49B554}.Release|Any CPU.ActiveCfg = Release|Any CPU
		{10274D2B-663B-43BB-B5A6-B18A6C49B554}.Release|Any CPU.Build.0 = Release|Any CPU
		{0C9ECE86-914A-49C6-A411-A5E042A8907D}.Debug|Any CPU.ActiveCfg = Debug|Any CPU
		{0C9ECE86-914A-49C6-A411-A5E042A8907D}.Debug|Any CPU.Build.0 = Debug|Any CPU
		{0C9ECE86-914A-49C6-A411-A5E042A8907D}.Release|Any CPU.ActiveCfg = Release|Any CPU
		{0C9ECE86-914A-49C6-A411-A5E042A8907D}.Release|Any CPU.Build.0 = Release|Any CPU
		{946C834B-0EDA-49D1-9B19-568DEEDF90A3}.Debug|Any CPU.ActiveCfg = Debug|Any CPU
		{946C834B-0EDA-49D1-9B19-568DEEDF90A3}.Debug|Any CPU.Build.0 = Debug|Any CPU
		{946C834B-0EDA-49D1-9B19-568DEEDF90A3}.Release|Any CPU.ActiveCfg = Release|Any CPU
		{946C834B-0EDA-49D1-9B19-568DEEDF90A3}.Release|Any CPU.Build.0 = Release|Any CPU
		{29857F28-2E4D-4C81-A223-FC87865DA502}.Debug|Any CPU.ActiveCfg = Debug|Any CPU
		{29857F28-2E4D-4C81-A223-FC87865DA502}.Debug|Any CPU.Build.0 = Debug|Any CPU
		{29857F28-2E4D-4C81-A223-FC87865DA502}.Release|Any CPU.ActiveCfg = Release|Any CPU
		{29857F28-2E4D-4C81-A223-FC87865DA502}.Release|Any CPU.Build.0 = Release|Any CPU
	EndGlobalSection
	GlobalSection(SolutionProperties) = preSolution
		HideSolutionNode = FALSE
	EndGlobalSection
	GlobalSection(NestedProjects) = preSolution
		{203976D6-E5F3-4E49-BA88-10C2ADCCDFA3} = {B46723B9-D622-4C33-8B57-3466A21FFA78}
		{8B99B997-7612-4F32-AF10-CFA96D649F1E} = {8DBC64ED-EFCC-4C65-A43C-4C97A53310A0}
		{C88E2DF8-9CF7-4F4B-9E65-6409783D0A7C} = {8DBC64ED-EFCC-4C65-A43C-4C97A53310A0}
		{C9F62FD2-3CA6-4290-BC29-E2F2DADE67ED} = {8DBC64ED-EFCC-4C65-A43C-4C97A53310A0}
		{10274D2B-663B-43BB-B5A6-B18A6C49B554} = {B46723B9-D622-4C33-8B57-3466A21FFA78}
		{0C9ECE86-914A-49C6-A411-A5E042A8907D} = {8DBC64ED-EFCC-4C65-A43C-4C97A53310A0}
		{946C834B-0EDA-49D1-9B19-568DEEDF90A3} = {8DBC64ED-EFCC-4C65-A43C-4C97A53310A0}
		{29857F28-2E4D-4C81-A223-FC87865DA502} = {8DBC64ED-EFCC-4C65-A43C-4C97A53310A0}
	EndGlobalSection
EndGlobal
